
Microsoft Visual Studio Solution File, Format Version 12.00
# Visual Studio 14
VisualStudioVersion = 14.0.25420.1
MinimumVisualStudioVersion = 10.0.40219.1
Project("{FAE04EC0-301F-11D3-BF4B-00C04F79EFBC}") = "500AEWebApi", "500AEWebAPI\500AEWebApi.csproj", "{F19D271F-CD7A-4C0A-A68E-22CA4E02AAD0}"
EndProject
Project("{FAE04EC0-301F-11D3-BF4B-00C04F79EFBC}") = "500AE.Commons", "500AE.Commons\500AE.Commons.csproj", "{A2E2CED3-DB83-4397-9D66-2218C0B83760}"
EndProject
Project("{FAE04EC0-301F-11D3-BF4B-00C04F79EFBC}") = "500AE.Build", "500AE.Build\500AE.Build.csproj", "{7C0B8D67-C03C-4300-B461-8C24C30BD6B5}"
EndProject
Project("{FAE04EC0-301F-11D3-BF4B-00C04F79EFBC}") = "500AE.Data", "500AE.Data\500AE.Data.csproj", "{35D0D878-F9FB-43FD-AE89-FC3E081828EF}"
EndProject
Project("{FAE04EC0-301F-11D3-BF4B-00C04F79EFBC}") = "500AE.Domain", "500AE.Domain\500AE.Domain.csproj", "{D1269CEA-AEF3-4775-A6D7-3512B3A7E6EC}"
EndProject
Project("{FAE04EC0-301F-11D3-BF4B-00C04F79EFBC}") = "500AE.Models", "500AE.Models\500AE.Models.csproj", "{499E3BDA-370E-4A8C-92CA-BF4C3326E29A}"
EndProject
Project("{FAE04EC0-301F-11D3-BF4B-00C04F79EFBC}") = "500AE.Services", "500AE.Services\500AE.Services.csproj", "{C2257EAF-B950-4D0B-AE13-8913C7709523}"
EndProject
Global
	GlobalSection(SolutionConfigurationPlatforms) = preSolution
		Debug|Any CPU = Debug|Any CPU
		Release|Any CPU = Release|Any CPU
	EndGlobalSection
	GlobalSection(ProjectConfigurationPlatforms) = postSolution
		{F19D271F-CD7A-4C0A-A68E-22CA4E02AAD0}.Debug|Any CPU.ActiveCfg = Debug|Any CPU
		{F19D271F-CD7A-4C0A-A68E-22CA4E02AAD0}.Debug|Any CPU.Build.0 = Debug|Any CPU
		{F19D271F-CD7A-4C0A-A68E-22CA4E02AAD0}.Release|Any CPU.ActiveCfg = Release|Any CPU
		{F19D271F-CD7A-4C0A-A68E-22CA4E02AAD0}.Release|Any CPU.Build.0 = Release|Any CPU
		{A2E2CED3-DB83-4397-9D66-2218C0B83760}.Debug|Any CPU.ActiveCfg = Debug|Any CPU
		{A2E2CED3-DB83-4397-9D66-2218C0B83760}.Debug|Any CPU.Build.0 = Debug|Any CPU
		{A2E2CED3-DB83-4397-9D66-2218C0B83760}.Release|Any CPU.ActiveCfg = Release|Any CPU
		{A2E2CED3-DB83-4397-9D66-2218C0B83760}.Release|Any CPU.Build.0 = Release|Any CPU
		{7C0B8D67-C03C-4300-B461-8C24C30BD6B5}.Debug|Any CPU.ActiveCfg = Debug|Any CPU
		{7C0B8D67-C03C-4300-B461-8C24C30BD6B5}.Debug|Any CPU.Build.0 = Debug|Any CPU
		{7C0B8D67-C03C-4300-B461-8C24C30BD6B5}.Release|Any CPU.ActiveCfg = Release|Any CPU
		{7C0B8D67-C03C-4300-B461-8C24C30BD6B5}.Release|Any CPU.Build.0 = Release|Any CPU
		{35D0D878-F9FB-43FD-AE89-FC3E081828EF}.Debug|Any CPU.ActiveCfg = Debug|Any CPU
		{35D0D878-F9FB-43FD-AE89-FC3E081828EF}.Debug|Any CPU.Build.0 = Debug|Any CPU
		{35D0D878-F9FB-43FD-AE89-FC3E081828EF}.Release|Any CPU.ActiveCfg = Release|Any CPU
		{35D0D878-F9FB-43FD-AE89-FC3E081828EF}.Release|Any CPU.Build.0 = Release|Any CPU
		{D1269CEA-AEF3-4775-A6D7-3512B3A7E6EC}.Debug|Any CPU.ActiveCfg = Debug|Any CPU
		{D1269CEA-AEF3-4775-A6D7-3512B3A7E6EC}.Debug|Any CPU.Build.0 = Debug|Any CPU
		{D1269CEA-AEF3-4775-A6D7-3512B3A7E6EC}.Release|Any CPU.ActiveCfg = Release|Any CPU
		{D1269CEA-AEF3-4775-A6D7-3512B3A7E6EC}.Release|Any CPU.Build.0 = Release|Any CPU
		{499E3BDA-370E-4A8C-92CA-BF4C3326E29A}.Debug|Any CPU.ActiveCfg = Debug|Any CPU
		{499E3BDA-370E-4A8C-92CA-BF4C3326E29A}.Debug|Any CPU.Build.0 = Debug|Any CPU
		{499E3BDA-370E-4A8C-92CA-BF4C3326E29A}.Release|Any CPU.ActiveCfg = Release|Any CPU
		{499E3BDA-370E-4A8C-92CA-BF4C3326E29A}.Release|Any CPU.Build.0 = Release|Any CPU
		{C2257EAF-B950-4D0B-AE13-8913C7709523}.Debug|Any CPU.ActiveCfg = Debug|Any CPU
		{C2257EAF-B950-4D0B-AE13-8913C7709523}.Debug|Any CPU.Build.0 = Debug|Any CPU
		{C2257EAF-B950-4D0B-AE13-8913C7709523}.Release|Any CPU.ActiveCfg = Release|Any CPU
		{C2257EAF-B950-4D0B-AE13-8913C7709523}.Release|Any CPU.Build.0 = Release|Any CPU
	EndGlobalSection
	GlobalSection(SolutionProperties) = preSolution
		HideSolutionNode = FALSE
	EndGlobalSection
EndGlobal
